
Microsoft Visual Studio Solution File, Format Version 12.00
Project("{FAE04EC0-301F-11D3-BF4B-00C04F79EFBC}") = "TableElement", "TableElement\TableElement.csproj", "{737A3483-5AE5-47C7-ABC4-1EF19C1C1E5C}"
EndProject
Project("{FAE04EC0-301F-11D3-BF4B-00C04F79EFBC}") = "TableElementTests", "TableElementTests\TableElementTests.csproj", "{C254E6D3-1FFF-4E13-81AA-CC0107B9A362}"
EndProject
Global
	GlobalSection(SolutionConfigurationPlatforms) = preSolution
		Debug|Any CPU = Debug|Any CPU
		Release|Any CPU = Release|Any CPU
	EndGlobalSection
	GlobalSection(ProjectConfigurationPlatforms) = postSolution
		{737A3483-5AE5-47C7-ABC4-1EF19C1C1E5C}.Debug|Any CPU.ActiveCfg = Debug|Any CPU
		{737A3483-5AE5-47C7-ABC4-1EF19C1C1E5C}.Debug|Any CPU.Build.0 = Debug|Any CPU
		{737A3483-5AE5-47C7-ABC4-1EF19C1C1E5C}.Release|Any CPU.ActiveCfg = Release|Any CPU
		{737A3483-5AE5-47C7-ABC4-1EF19C1C1E5C}.Release|Any CPU.Build.0 = Release|Any CPU
		{C254E6D3-1FFF-4E13-81AA-CC0107B9A362}.Debug|Any CPU.ActiveCfg = Debug|Any CPU
		{C254E6D3-1FFF-4E13-81AA-CC0107B9A362}.Debug|Any CPU.Build.0 = Debug|Any CPU
		{C254E6D3-1FFF-4E13-81AA-CC0107B9A362}.Release|Any CPU.ActiveCfg = Release|Any CPU
		{C254E6D3-1FFF-4E13-81AA-CC0107B9A362}.Release|Any CPU.Build.0 = Release|Any CPU
	EndGlobalSection
EndGlobal
